Microsoft Visual Studio Solution File, Format Version 12.00
# Visual Studio Version 17
VisualStudioVersion = 17.5.2.0
MinimumVisualStudioVersion = 10.0.40219.1
Project("{FAE04EC0-301F-11D3-BF4B-00C04F79EFBC}") = "G3MWL", "G3MWL.csproj", "{3D70CCAA-B5B7-3038-E674-485F4E2BAE95}"
EndProject
Global
	GlobalSection(SolutionConfigurationPlatforms) = preSolution
		Debug|Any CPU = Debug|Any CPU
		Release|Any CPU = Release|Any CPU
	EndGlobalSection
	GlobalSection(ProjectConfigurationPlatforms) = postSolution
		{3D70CCAA-B5B7-3038-E674-485F4E2BAE95}.Debug|Any CPU.ActiveCfg = Debug|Any CPU
		{3D70CCAA-B5B7-3038-E674-485F4E2BAE95}.Debug|Any CPU.Build.0 = Debug|Any CPU
		{3D70CCAA-B5B7-3038-E674-485F4E2BAE95}.Release|Any CPU.ActiveCfg = Release|Any CPU
		{3D70CCAA-B5B7-3038-E674-485F4E2BAE95}.Release|Any CPU.Build.0 = Release|Any CPU
	EndGlobalSection
	GlobalSection(SolutionProperties) = preSolution
		HideSolutionNode = FALSE
	EndGlobalSection
	GlobalSection(ExtensibilityGlobals) = postSolution
		SolutionGuid = {A3D9A0EB-C1C9-4FA3-AC48-B03629E29191}
	EndGlobalSection
EndGlobal
